// !$*UTF8*$!
{
	archiveVersion = 1;
	classes = {
	};
	objectVersion = 46;
	objects = {

/* Begin PBXBuildFile section */
		6F438CC51CC89A2E009B4771 /* CalculatorBrain.swift in Sources */ = {isa = PBXBuildFile; fileRef = 6F438CC41CC89A2E009B4771 /* CalculatorBrain.swift */; settings = {ASSET_TAGS = (); }; };
		6F4ABEB01BD6779B00EB3A6C /* AppDelegate.swift in Sources */ = {isa = PBXBuildFile; fileRef = 6F4ABEAF1BD6779B00EB3A6C /* AppDelegate.swift */; };
		6F4ABEB21BD6779B00EB3A6C /* CalculatorViewController.swift in Sources */ = {isa = PBXBuildFile; fileRef = 6F4ABEB11BD6779B00EB3A6C /* CalculatorViewController.swift */; };
		6F4ABEB51BD6779B00EB3A6C /* Main.storyboard in Resources */ = {isa = PBXBuildFile; fileRef = 6F4ABEB31BD6779B00EB3A6C /* Main.storyboard */; };
		6F4ABEB71BD6779B00EB3A6C /* Assets.xcassets in Resources */ = {isa = PBXBuildFile; fileRef = 6F4ABEB61BD6779B00EB3A6C /* Assets.xcassets */; };
		6F4ABEBA1BD6779C00EB3A6C /* LaunchScreen.storyboard in Resources */ = {isa = PBXBuildFile; fileRef = 6F4ABEB81BD6779C00EB3A6C /* LaunchScreen.storyboard */; };
		6F597EC21CD8DD9200CB21C8 /* AxesDrawer.swift in Sources */ = {isa = PBXBuildFile; fileRef = 6F597EC11CD8DD9200CB21C8 /* AxesDrawer.swift */; settings = {ASSET_TAGS = (); }; };
		6F597EC81CD8DF8100CB21C8 /* GraphView.swift in Sources */ = {isa = PBXBuildFile; fileRef = 6F597EC71CD8DF8100CB21C8 /* GraphView.swift */; settings = {ASSET_TAGS = (); }; };
		6F597ECA1CD8DF9600CB21C8 /* GraphViewController.swift in Sources */ = {isa = PBXBuildFile; fileRef = 6F597EC91CD8DF9600CB21C8 /* GraphViewController.swift */; settings = {ASSET_TAGS = (); }; };
/* End PBXBuildFile section */

/* Begin PBXFileReference section */
		6F438CC41CC89A2E009B4771 /* CalculatorBrain.swift */ = {isa = PBXFileReference; fileEncoding = 4; lastKnownFileType = sourcecode.swift; path = CalculatorBrain.swift; sourceTree = "<group>"; };
		6F4ABEAC1BD6779B00EB3A6C /* Calculator.app */ = {isa = PBXFileReference; explicitFileType = wrapper.application; includeInIndex = 0; path = Calculator.app; sourceTree = BUILT_PRODUCTS_DIR; };
		6F4ABEAF1BD6779B00EB3A6C /* AppDelegate.swift */ = {isa = PBXFileReference; lastKnownFileType = sourcecode.swift; path = AppDelegate.swift; sourceTree = "<group>"; };
		6F4ABEB11BD6779B00EB3A6C /* CalculatorViewController.swift */ = {isa = PBXFileReference; lastKnownFileType = sourcecode.swift; path = CalculatorViewController.swift; sourceTree = "<group>"; };
		6F4ABEB41BD6779B00EB3A6C /* Base */ = {isa = PBXFileReference; lastKnownFileType = file.storyboard; name = Base; path = Base.lproj/Main.storyboard; sourceTree = "<group>"; };
		6F4ABEB61BD6779B00EB3A6C /* Assets.xcassets */ = {isa = PBXFileReference; lastKnownFileType = folder.assetcatalog; path = Assets.xcassets; sourceTree = "<group>"; };
		6F4ABEB91BD6779C00EB3A6C /* Base */ = {isa = PBXFileReference; lastKnownFileType = file.storyboard; name = Base; path = Base.lproj/LaunchScreen.storyboard; sourceTree = "<group>"; };
		6F4ABEBB1BD6779C00EB3A6C /* Info.plist */ = {isa = PBXFileReference; lastKnownFileType = text.plist.xml; path = Info.plist; sourceTree = "<group>"; };
		6F597EC11CD8DD9200CB21C8 /* AxesDrawer.swift */ = {isa = PBXFileReference; fileEncoding = 4; lastKnownFileType = sourcecode.swift; path = AxesDrawer.swift; sourceTree = "<group>"; };
		6F597EC71CD8DF8100CB21C8 /* GraphView.swift */ = {isa = PBXFileReference; fileEncoding = 4; lastKnownFileType = sourcecode.swift; name = GraphView.swift; path = ../GraphView.swift; sourceTree = "<group>"; };
		6F597EC91CD8DF9600CB21C8 /* GraphViewController.swift */ = {isa = PBXFileReference; fileEncoding = 4; lastKnownFileType = sourcecode.swift; name = GraphViewController.swift; path = ../GraphViewController.swift; sourceTree = "<group>"; };
/* End PBXFileReference section */

/* Begin PBXFrameworksBuildPhase section */
		6F4ABEA91BD6779A00EB3A6C /* Frameworks */ = {
			isa = PBXFrameworksBuildPhase;
			buildActionMask = 2147483647;
			files = (
			);
			runOnlyForDeploymentPostprocessing = 0;
		};
/* End PBXFrameworksBuildPhase section */

/* Begin PBXGroup section */
		6F4ABEA31BD6779900EB3A6C = {
			isa = PBXGroup;
			children = (
				6F4ABEAE1BD6779B00EB3A6C /* Calculator */,
				6F4ABEAD1BD6779B00EB3A6C /* Products */,
			);
			sourceTree = "<group>";
		};
		6F4ABEAD1BD6779B00EB3A6C /* Products */ = {
			isa = PBXGroup;
			children = (
				6F4ABEAC1BD6779B00EB3A6C /* Calculator.app */,
			);
			name = Products;
			sourceTree = "<group>";
		};
		6F4ABEAE1BD6779B00EB3A6C /* Calculator */ = {
			isa = PBXGroup;
			children = (
				6F4ABEAF1BD6779B00EB3A6C /* AppDelegate.swift */,
				6F4ABEB11BD6779B00EB3A6C /* CalculatorViewController.swift */,
				6F597EC71CD8DF8100CB21C8 /* GraphView.swift */,
				6F597EC91CD8DF9600CB21C8 /* GraphViewController.swift */,
				6F597EC11CD8DD9200CB21C8 /* AxesDrawer.swift */,
				6F4ABEB31BD6779B00EB3A6C /* Main.storyboard */,
				6F438CC41CC89A2E009B4771 /* CalculatorBrain.swift */,
				6F4ABEB61BD6779B00EB3A6C /* Assets.xcassets */,
				6F4ABEB81BD6779C00EB3A6C /* LaunchScreen.storyboard */,
				6F4ABEBB1BD6779C00EB3A6C /* Info.plist */,
			);
			path = Calculator;
			sourceTree = "<group>";
		};
/* End PBXGroup section */

/* Begin PBXNativeTarget section */
		6F4ABEAB1BD6779A00EB3A6C /* Calculator */ = {
			isa = PBXNativeTarget;
			buildConfigurationList = 6F4ABEBE1BD6779C00EB3A6C /* Build configuration list for PBXNativeTarget "Calculator" */;
			buildPhases = (
				6F4ABEA81BD6779A00EB3A6C /* Sources */,
				6F4ABEA91BD6779A00EB3A6C /* Frameworks */,
				6F4ABEAA1BD6779A00EB3A6C /* Resources */,
			);
			buildRules = (
			);
			dependencies = (
			);
			name = Calculator;
			productName = Calculator;
			productReference = 6F4ABEAC1BD6779B00EB3A6C /* Calculator.app */;
			productType = "com.apple.product-type.application";
		};
/* End PBXNativeTarget section */

/* Begin PBXProject section */
		6F4ABEA41BD6779A00EB3A6C /* Project object */ = {
			isa = PBXProject;
			attributes = {
				LastUpgradeCheck = 0700;
				ORGANIZATIONNAME = "Moaz Ahmed";
				TargetAttributes = {
					6F4ABEAB1BD6779A00EB3A6C = {
						CreatedOnToolsVersion = 7.0.1;
						DevelopmentTeam = 5Q89ZG6CM6;
					};
				};
			};
			buildConfigurationList = 6F4ABEA71BD6779A00EB3A6C /* Build configuration list for PBXProject "Calculator" */;
			compatibilityVersion = "Xcode 3.2";
			developmentRegion = English;
			hasScannedForEncodings = 0;
			knownRegions = (
				en,
				Base,
			);
			mainGroup = 6F4ABEA31BD6779900EB3A6C;
			productRefGroup = 6F4ABEAD1BD6779B00EB3A6C /* Products */;
			projectDirPath = "";
			projectRoot = "";
			targets = (
				6F4ABEAB1BD6779A00EB3A6C /* Calculator */,
			);
		};
/* End PBXProject section */

/* Begin PBXResourcesBuildPhase section */
		6F4ABEAA1BD6779A00EB3A6C /* Resources */ = {
			isa = PBXResourcesBuildPhase;
			buildActionMask = 2147483647;
			files = (
				6F4ABEBA1BD6779C00EB3A6C /* LaunchScreen.storyboard in Resources */,
				6F4ABEB71BD6779B00EB3A6C /* Assets.xcassets in Resources */,
				6F4ABEB51BD6779B00EB3A6C /* Main.storyboard in Resources */,
			);
			runOnlyForDeploymentPostprocessing = 0;
		};
/* End PBXResourcesBuildPhase section */

/* Begin PBXSourcesBuildPhase section */
		6F4ABEA81BD6779A00EB3A6C /* Sources */ = {
			isa = PBXSourcesBuildPhase;
			buildActionMask = 2147483647;
			files = (
				6F597EC81CD8DF8100CB21C8 /* GraphView.swift in Sources */,
				6F438CC51CC89A2E009B4771 /* CalculatorBrain.swift in Sources */,
				6F597EC21CD8DD9200CB21C8 /* AxesDrawer.swift in Sources */,
				6F597ECA1CD8DF9600CB21C8 /* GraphViewController.swift in Sources */,
				6F4ABEB21BD6779B00EB3A6C /* CalculatorViewController.swift in Sources */,
				6F4ABEB01BD6779B00EB3A6C /* AppDelegate.swift in Sources */,
			);
			runOnlyForDeploymentPostprocessing = 0;
		};
/* End PBXSourcesBuildPhase section */

/* Begin PBXVariantGroup section */
		6F4ABEB31BD6779B00EB3A6C /* Main.storyboard */ = {
			isa = PBXVariantGroup;
			children = (
				6F4ABEB41BD6779B00EB3A6C /* Base */,
			);
			name = Main.storyboard;
			sourceTree = "<group>";
		};
		6F4ABEB81BD6779C00EB3A6C /* LaunchScreen.storyboard */ = {
			isa = PBXVariantGroup;
			children = (
				6F4ABEB91BD6779C00EB3A6C /* Base */,
			);
			name = LaunchScreen.storyboard;
			sourceTree = "<group>";
		};
/* End PBXVariantGroup section */

/* Begin XCBuildConfiguration section */
		6F4ABEBC1BD6779C00EB3A6C /* Debug */ = {
			isa = XCBuildConfiguration;
			buildSettings = {
				ALWAYS_SEARCH_USER_PATHS = NO;
				CLANG_CXX_LANGUAGE_STANDARD = "gnu++0x";
				CLANG_CXX_LIBRARY = "libc++";
				CLANG_ENABLE_MODULES = YES;
				CLANG_ENABLE_OBJC_ARC = YES;
				CLANG_WARN_BOOL_CONVERSION = YES;
				CLANG_WARN_CONSTANT_CONVERSION = YES;
				CLANG_WARN_DIRECT_OBJC_ISA_USAGE = YES_ERROR;
				CLANG_WARN_EMPTY_BODY = YES;
				CLANG_WARN_ENUM_CONVERSION = YES;
				CLANG_WARN_INT_CONVERSION = YES;
				CLANG_WARN_OBJC_ROOT_CLASS = YES_ERROR;
				CLANG_WARN_UNREACHABLE_CODE = YES;
				CLANG_WARN__DUPLICATE_METHOD_MATCH = YES;
				"CODE_SIGN_IDENTITY[sdk=iphoneos*]" = "iPhone Developer";
				COPY_PHASE_STRIP = NO;
				DEBUG_INFORMATION_FORMAT = dwarf;
				ENABLE_STRICT_OBJC_MSGSEND = YES;
				ENABLE_TESTABILITY = YES;
				GCC_C_LANGUAGE_STANDARD = gnu99;
				GCC_DYNAMIC_NO_PIC = NO;
				GCC_NO_COMMON_BLOCKS = YES;
				GCC_OPTIMIZATION_LEVEL = 0;
				GCC_PREPROCESSOR_DEFINITIONS = (
					"DEBUG=1",
					"$(inherited)",
				);
				GCC_WARN_64_TO_32_BIT_CONVERSION = YES;
				GCC_WARN_ABOUT_RETURN_TYPE = YES_ERROR;
				GCC_WARN_UNDECLARED_SELECTOR = YES;
				GCC_WARN_UNINITIALIZED_AUTOS = YES_AGGRESSIVE;
				GCC_WARN_UNUSED_FUNCTION = YES;
				GCC_WARN_UNUSED_VARIABLE = YES;
				IPHONEOS_DEPLOYMENT_TARGET = 9.0;
				MTL_ENABLE_DEBUG_INFO = YES;
				ONLY_ACTIVE_ARCH = YES;
				SDKROOT = iphoneos;
				SWIFT_OPTIMIZATION_LEVEL = "-Onone";
				TARGETED_DEVICE_FAMILY = "1,2";
			};
			name = Debug;
		};
		6F4ABEBD1BD6779C00EB3A6C /* Release */ = {
			isa = XCBuildConfiguration;
			buildSettings = {
				ALWAYS_SEARCH_USER_PATHS = NO;
				CLANG_CXX_LANGUAGE_STANDARD = "gnu++0x";
				CLANG_CXX_LIBRARY = "libc++";
				CLANG_ENABLE_MODULES = YES;
				CLANG_ENABLE_OBJC_ARC = YES;
				CLANG_WARN_BOOL_CONVERSION = YES;
				CLANG_WARN_CONSTANT_CONVERSION = YES;
				CLANG_WARN_DIRECT_OBJC_ISA_USAGE = YES_ERROR;
				CLANG_WARN_EMPTY_BODY = YES;
				CLANG_WARN_ENUM_CONVERSION = YES;
				CLANG_WARN_INT_CONVERSION = YES;
				CLANG_WARN_OBJC_ROOT_CLASS = YES_ERROR;
				CLANG_WARN_UNREACHABLE_CODE = YES;
				CLANG_WARN__DUPLICATE_METHOD_MATCH = YES;
				"CODE_SIGN_IDENTITY[sdk=iphoneos*]" = "iPhone Developer";
				COPY_PHASE_STRIP = NO;
				DEBUG_INFORMATION_FORMAT = "dwarf-with-dsym";
				ENABLE_NS_ASSERTIONS = NO;
				ENABLE_STRICT_OBJC_MSGSEND = YES;
				GCC_C_LANGUAGE_STANDARD = gnu99;
				GCC_NO_COMMON_BLOCKS = YES;
				GCC_WARN_64_TO_32_BIT_CONVERSION = YES;
				GCC_WARN_ABOUT_RETURN_TYPE = YES_ERROR;
				GCC_WARN_UNDECLARED_SELECTOR = YES;
				GCC_WARN_UNINITIALIZED_AUTOS = YES_AGGRESSIVE;
				GCC_WARN_UNUSED_FUNCTION = YES;
				GCC_WARN_UNUSED_VARIABLE = YES;
				IPHONEOS_DEPLOYMENT_TARGET = 9.0;
				MTL_ENABLE_DEBUG_INFO = NO;
				SDKROOT = iphoneos;
				TARGETED_DEVICE_FAMILY = "1,2";
				VALIDATE_PRODUCT = YES;
			};
			name = Release;
		};
		6F4ABEBF1BD6779C00EB3A6C /* Debug */ = {
			isa = XCBuildConfiguration;
			buildSettings = {
				ASSETCATALOG_COMPILER_APPICON_NAME = AppIcon;
				INFOPLIST_FILE = Calculator/Info.plist;
				LD_RUNPATH_SEARCH_PATHS = "$(inherited) @executable_path/Frameworks";
				PRODUCT_BUNDLE_IDENTIFIER = Moaz.Ahmed.Calculator;
				PRODUCT_NAME = "$(TARGET_NAME)";
				TARGETED_DEVICE_FAMILY = "1,2";
			};
			name = Debug;
		};
		6F4ABEC01BD6779C00EB3A6C /* Release */ = {
			isa = XCBuildConfiguration;
			buildSettings = {
				ASSETCATALOG_COMPILER_APPICON_NAME = AppIcon;
				INFOPLIST_FILE = Calculator/Info.plist;
				LD_RUNPATH_SEARCH_PATHS = "$(inherited) @executable_path/Frameworks";
				PRODUCT_BUNDLE_IDENTIFIER = Moaz.Ahmed.Calculator;
				PRODUCT_NAME = "$(TARGET_NAME)";
				TARGETED_DEVICE_FAMILY = "1,2";
			};
			name = Release;
		};
/* End XCBuildConfiguration section */

/* Begin XCConfigurationList section */
		6F4ABEA71BD6779A00EB3A6C /* Build configuration list for PBXProject "Calculator" */ = {
			isa = XCConfigurationList;
			buildConfigurations = (
				6F4ABEBC1BD6779C00EB3A6C /* Debug */,
				6F4ABEBD1BD6779C00EB3A6C /* Release */,
			);
			defaultConfigurationIsVisible = 0;
			defaultConfigurationName = Release;
		};
		6F4ABEBE1BD6779C00EB3A6C /* Build configuration list for PBXNativeTarget "Calculator" */ = {
			isa = XCConfigurationList;
			buildConfigurations = (
				6F4ABEBF1BD6779C00EB3A6C /* Debug */,
				6F4ABEC01BD6779C00EB3A6C /* Release */,
			);
			defaultConfigurationIsVisible = 0;
			defaultConfigurationName = Release;
		};
/* End XCConfigurationList section */
	};
	rootObject = 6F4ABEA41BD6779A00EB3A6C /* Project object */;
}
